
Microsoft Visual Studio Solution File, Format Version 12.00
# Visual Studio 15
VisualStudioVersion = 15.0.28307.645
MinimumVisualStudioVersion = 10.0.40219.1
Project("{FAE04EC0-301F-11D3-BF4B-00C04F79EFBC}") = "webapinetcoretemplate", "webapinetcoretemplate\webapinetcoretemplate.csproj", "{5B28C945-896F-4157-9E95-4B33409CC71D}"
EndProject
Project("{FAE04EC0-301F-11D3-BF4B-00C04F79EFBC}") = "HelloWorld", "HelloWorld\HelloWorld.csproj", "{920B29C7-FF85-448D-AA69-9131AF812AF7}"
EndProject
Global
	GlobalSection(SolutionConfigurationPlatforms) = preSolution
		Debug|Any CPU = Debug|Any CPU
		Release|Any CPU = Release|Any CPU
	EndGlobalSection
	GlobalSection(ProjectConfigurationPlatforms) = postSolution
		{5B28C945-896F-4157-9E95-4B33409CC71D}.Debug|Any CPU.ActiveCfg = Debug|Any CPU
		{5B28C945-896F-4157-9E95-4B33409CC71D}.Debug|Any CPU.Build.0 = Debug|Any CPU
		{5B28C945-896F-4157-9E95-4B33409CC71D}.Release|Any CPU.ActiveCfg = Release|Any CPU
		{5B28C945-896F-4157-9E95-4B33409CC71D}.Release|Any CPU.Build.0 = Release|Any CPU
		{920B29C7-FF85-448D-AA69-9131AF812AF7}.Debug|Any CPU.ActiveCfg = Debug|Any CPU
		{920B29C7-FF85-448D-AA69-9131AF812AF7}.Debug|Any CPU.Build.0 = Debug|Any CPU
		{920B29C7-FF85-448D-AA69-9131AF812AF7}.Release|Any CPU.ActiveCfg = Release|Any CPU
		{920B29C7-FF85-448D-AA69-9131AF812AF7}.Release|Any CPU.Build.0 = Release|Any CPU
	EndGlobalSection
	GlobalSection(SolutionProperties) = preSolution
		HideSolutionNode = FALSE
	EndGlobalSection
	GlobalSection(ExtensibilityGlobals) = postSolution
		SolutionGuid = {0C12DBF2-FAE6-409E-8D9D-BF31D3F40241}
	EndGlobalSection
EndGlobal
